// !$*UTF8*$!
{
	archiveVersion = 1;
	classes = {
	};
	objectVersion = 48;
	objects = {

/* Begin PBXBuildFile section */
		042C68A31FB9D3960031C93F /* DetailViewController.swift in Sources */ = {isa = PBXBuildFile; fileRef = 042C68A21FB9D3960031C93F /* DetailViewController.swift */; };
		046F085F1FB8FA4300FD64E9 /* PokeCell.swift in Sources */ = {isa = PBXBuildFile; fileRef = 046F085D1FB8FA4300FD64E9 /* PokeCell.swift */; };
		046F08601FB8FA4300FD64E9 /* PokeCell.xib in Resources */ = {isa = PBXBuildFile; fileRef = 046F085E1FB8FA4300FD64E9 /* PokeCell.xib */; };
		046F08641FB8FD9A00FD64E9 /* PokeViewController.swift in Sources */ = {isa = PBXBuildFile; fileRef = 046F08631FB8FD9A00FD64E9 /* PokeViewController.swift */; };
		0488DED51FB8CBC500EBBAB5 /* AppDelegate.swift in Sources */ = {isa = PBXBuildFile; fileRef = 0488DED41FB8CBC500EBBAB5 /* AppDelegate.swift */; };
		0488DEDA1FB8CBC500EBBAB5 /* Main.storyboard in Resources */ = {isa = PBXBuildFile; fileRef = 0488DED81FB8CBC500EBBAB5 /* Main.storyboard */; };
		0488DEDC1FB8CBC500EBBAB5 /* Assets.xcassets in Resources */ = {isa = PBXBuildFile; fileRef = 0488DEDB1FB8CBC500EBBAB5 /* Assets.xcassets */; };
		0488DEDF1FB8CBC500EBBAB5 /* LaunchScreen.storyboard in Resources */ = {isa = PBXBuildFile; fileRef = 0488DEDD1FB8CBC500EBBAB5 /* LaunchScreen.storyboard */; };
		0488DEEB1FB8D19700EBBAB5 /* GoogleService-Info.plist in Resources */ = {isa = PBXBuildFile; fileRef = 0488DEEA1FB8D19700EBBAB5 /* GoogleService-Info.plist */; };
		0488DEED1FB8D32400EBBAB5 /* LoginViewController.swift in Sources */ = {isa = PBXBuildFile; fileRef = 0488DEEC1FB8D32400EBBAB5 /* LoginViewController.swift */; };
		0488DEEF1FB8D33600EBBAB5 /* UserAccounts.swift in Sources */ = {isa = PBXBuildFile; fileRef = 0488DEEE1FB8D33600EBBAB5 /* UserAccounts.swift */; };
		0488DEF11FB8D46300EBBAB5 /* Constants.swift in Sources */ = {isa = PBXBuildFile; fileRef = 0488DEF01FB8D46300EBBAB5 /* Constants.swift */; };
		0488DEF31FB8D58200EBBAB5 /* Alerts.swift in Sources */ = {isa = PBXBuildFile; fileRef = 0488DEF21FB8D58200EBBAB5 /* Alerts.swift */; };
		0488DEF51FB8D59400EBBAB5 /* GlobalCache.swift in Sources */ = {isa = PBXBuildFile; fileRef = 0488DEF41FB8D59400EBBAB5 /* GlobalCache.swift */; };
		0488DEF71FB8D5A400EBBAB5 /* Networking.swift in Sources */ = {isa = PBXBuildFile; fileRef = 0488DEF61FB8D5A400EBBAB5 /* Networking.swift */; };
		0488DEF91FB8D76400EBBAB5 /* Extensions.swift in Sources */ = {isa = PBXBuildFile; fileRef = 0488DEF81FB8D76400EBBAB5 /* Extensions.swift */; };
		0488DEFB1FB8EFB300EBBAB5 /* APIResource.swift in Sources */ = {isa = PBXBuildFile; fileRef = 0488DEFA1FB8EFB300EBBAB5 /* APIResource.swift */; };
		0488DEFD1FB8F0D600EBBAB5 /* Pokemon.swift in Sources */ = {isa = PBXBuildFile; fileRef = 0488DEFC1FB8F0D600EBBAB5 /* Pokemon.swift */; };
		0488DEFF1FB8F17D00EBBAB5 /* Abilities.swift in Sources */ = {isa = PBXBuildFile; fileRef = 0488DEFE1FB8F17D00EBBAB5 /* Abilities.swift */; };
		0488DF011FB8F20E00EBBAB5 /* Types.swift in Sources */ = {isa = PBXBuildFile; fileRef = 0488DF001FB8F20E00EBBAB5 /* Types.swift */; };
		94873FD8723E16E534C953CC /* Pods_Pokedex.framework in Frameworks */ = {isa = PBXBuildFile; fileRef = 4E1D7A024B8A698957664430 /* Pods_Pokedex.framework */; };
/* End PBXBuildFile section */

/* Begin PBXFileReference section */
		042C68A21FB9D3960031C93F /* DetailViewController.swift */ = {isa = PBXFileReference; lastKnownFileType = sourcecode.swift; path = DetailViewController.swift; sourceTree = "<group>"; };
		046F085D1FB8FA4300FD64E9 /* PokeCell.swift */ = {isa = PBXFileReference; lastKnownFileType = sourcecode.swift; path = PokeCell.swift; sourceTree = "<group>"; };
		046F085E1FB8FA4300FD64E9 /* PokeCell.xib */ = {isa = PBXFileReference; lastKnownFileType = file.xib; path = PokeCell.xib; sourceTree = "<group>"; };
		046F08631FB8FD9A00FD64E9 /* PokeViewController.swift */ = {isa = PBXFileReference; lastKnownFileType = sourcecode.swift; path = PokeViewController.swift; sourceTree = "<group>"; };
		0488DED11FB8CBC500EBBAB5 /* Pokedex.app */ = {isa = PBXFileReference; explicitFileType = wrapper.application; includeInIndex = 0; path = Pokedex.app; sourceTree = BUILT_PRODUCTS_DIR; };
		0488DED41FB8CBC500EBBAB5 /* AppDelegate.swift */ = {isa = PBXFileReference; lastKnownFileType = sourcecode.swift; path = AppDelegate.swift; sourceTree = "<group>"; };
		0488DED91FB8CBC500EBBAB5 /* Base */ = {isa = PBXFileReference; lastKnownFileType = file.storyboard; name = Base; path = Base.lproj/Main.storyboard; sourceTree = "<group>"; };
		0488DEDB1FB8CBC500EBBAB5 /* Assets.xcassets */ = {isa = PBXFileReference; lastKnownFileType = folder.assetcatalog; path = Assets.xcassets; sourceTree = "<group>"; };
		0488DEDE1FB8CBC500EBBAB5 /* Base */ = {isa = PBXFileReference; lastKnownFileType = file.storyboard; name = Base; path = Base.lproj/LaunchScreen.storyboard; sourceTree = "<group>"; };
		0488DEE01FB8CBC500EBBAB5 /* Info.plist */ = {isa = PBXFileReference; lastKnownFileType = text.plist.xml; path = Info.plist; sourceTree = "<group>"; };
		0488DEEA1FB8D19700EBBAB5 /* GoogleService-Info.plist */ = {isa = PBXFileReference; fileEncoding = 4; lastKnownFileType = text.plist.xml; path = "GoogleService-Info.plist"; sourceTree = "<group>"; };
		0488DEEC1FB8D32400EBBAB5 /* LoginViewController.swift */ = {isa = PBXFileReference; lastKnownFileType = sourcecode.swift; path = LoginViewController.swift; sourceTree = "<group>"; };
		0488DEEE1FB8D33600EBBAB5 /* UserAccounts.swift */ = {isa = PBXFileReference; lastKnownFileType = sourcecode.swift; path = UserAccounts.swift; sourceTree = "<group>"; };
		0488DEF01FB8D46300EBBAB5 /* Constants.swift */ = {isa = PBXFileReference; lastKnownFileType = sourcecode.swift; path = Constants.swift; sourceTree = "<group>"; };
		0488DEF21FB8D58200EBBAB5 /* Alerts.swift */ = {isa = PBXFileReference; lastKnownFileType = sourcecode.swift; path = Alerts.swift; sourceTree = "<group>"; };
		0488DEF41FB8D59400EBBAB5 /* GlobalCache.swift */ = {isa = PBXFileReference; lastKnownFileType = sourcecode.swift; path = GlobalCache.swift; sourceTree = "<group>"; };
		0488DEF61FB8D5A400EBBAB5 /* Networking.swift */ = {isa = PBXFileReference; lastKnownFileType = sourcecode.swift; path = Networking.swift; sourceTree = "<group>"; };
		0488DEF81FB8D76400EBBAB5 /* Extensions.swift */ = {isa = PBXFileReference; lastKnownFileType = sourcecode.swift; path = Extensions.swift; sourceTree = "<group>"; };
		0488DEFA1FB8EFB300EBBAB5 /* APIResource.swift */ = {isa = PBXFileReference; lastKnownFileType = sourcecode.swift; path = APIResource.swift; sourceTree = "<group>"; };
		0488DEFC1FB8F0D600EBBAB5 /* Pokemon.swift */ = {isa = PBXFileReference; lastKnownFileType = sourcecode.swift; path = Pokemon.swift; sourceTree = "<group>"; };
		0488DEFE1FB8F17D00EBBAB5 /* Abilities.swift */ = {isa = PBXFileReference; lastKnownFileType = sourcecode.swift; path = Abilities.swift; sourceTree = "<group>"; };
		0488DF001FB8F20E00EBBAB5 /* Types.swift */ = {isa = PBXFileReference; lastKnownFileType = sourcecode.swift; path = Types.swift; sourceTree = "<group>"; };
		4E1D7A024B8A698957664430 /* Pods_Pokedex.framework */ = {isa = PBXFileReference; explicitFileType = wrapper.framework; includeInIndex = 0; path = Pods_Pokedex.framework; sourceTree = BUILT_PRODUCTS_DIR; };
		693C9DAEC61F43BCB9DC83B9 /* Pods-Pokedex.debug.xcconfig */ = {isa = PBXFileReference; includeInIndex = 1; lastKnownFileType = text.xcconfig; name = "Pods-Pokedex.debug.xcconfig"; path = "Pods/Target Support Files/Pods-Pokedex/Pods-Pokedex.debug.xcconfig"; sourceTree = "<group>"; };
		E580BD28E5E445986334F81A /* Pods-Pokedex.release.xcconfig */ = {isa = PBXFileReference; includeInIndex = 1; lastKnownFileType = text.xcconfig; name = "Pods-Pokedex.release.xcconfig"; path = "Pods/Target Support Files/Pods-Pokedex/Pods-Pokedex.release.xcconfig"; sourceTree = "<group>"; };
/* End PBXFileReference section */

/* Begin PBXFrameworksBuildPhase section */
		0488DECE1FB8CBC500EBBAB5 /* Frameworks */ = {
			isa = PBXFrameworksBuildPhase;
			buildActionMask = 2147483647;
			files = (
				94873FD8723E16E534C953CC /* Pods_Pokedex.framework in Frameworks */,
			);
			runOnlyForDeploymentPostprocessing = 0;
		};
/* End PBXFrameworksBuildPhase section */

/* Begin PBXGroup section */
		0488DEC81FB8CBC400EBBAB5 = {
			isa = PBXGroup;
			children = (
				0488DED31FB8CBC500EBBAB5 /* Pokedex */,
				0488DED21FB8CBC500EBBAB5 /* Products */,
				70E82B378F020CE6A59B862B /* Pods */,
				8C3A3AFC0BC1B46A891EE426 /* Frameworks */,
			);
			sourceTree = "<group>";
		};
		0488DED21FB8CBC500EBBAB5 /* Products */ = {
			isa = PBXGroup;
			children = (
				0488DED11FB8CBC500EBBAB5 /* Pokedex.app */,
			);
			name = Products;
			sourceTree = "<group>";
		};
		0488DED31FB8CBC500EBBAB5 /* Pokedex */ = {
			isa = PBXGroup;
			children = (
				0488DEE81FB8CFBF00EBBAB5 /* Model */,
				0488DEE71FB8CFB700EBBAB5 /* Views */,
				0488DEE61FB8CFAC00EBBAB5 /* Controllers */,
				0488DEE91FB8CFC700EBBAB5 /* Services */,
				0488DEDB1FB8CBC500EBBAB5 /* Assets.xcassets */,
				0488DED41FB8CBC500EBBAB5 /* AppDelegate.swift */,
				0488DEE01FB8CBC500EBBAB5 /* Info.plist */,
				0488DEEA1FB8D19700EBBAB5 /* GoogleService-Info.plist */,
			);
			path = Pokedex;
			sourceTree = "<group>";
		};
		0488DEE61FB8CFAC00EBBAB5 /* Controllers */ = {
			isa = PBXGroup;
			children = (
				0488DEEC1FB8D32400EBBAB5 /* LoginViewController.swift */,
				046F08631FB8FD9A00FD64E9 /* PokeViewController.swift */,
				042C68A21FB9D3960031C93F /* DetailViewController.swift */,
			);
			path = Controllers;
			sourceTree = "<group>";
		};
		0488DEE71FB8CFB700EBBAB5 /* Views */ = {
			isa = PBXGroup;
			children = (
				0488DED81FB8CBC500EBBAB5 /* Main.storyboard */,
				0488DEDD1FB8CBC500EBBAB5 /* LaunchScreen.storyboard */,
				046F085D1FB8FA4300FD64E9 /* PokeCell.swift */,
				046F085E1FB8FA4300FD64E9 /* PokeCell.xib */,
			);
			path = Views;
			sourceTree = "<group>";
		};
		0488DEE81FB8CFBF00EBBAB5 /* Model */ = {
			isa = PBXGroup;
			children = (
				0488DEFA1FB8EFB300EBBAB5 /* APIResource.swift */,
				0488DEFC1FB8F0D600EBBAB5 /* Pokemon.swift */,
				0488DEFE1FB8F17D00EBBAB5 /* Abilities.swift */,
				0488DF001FB8F20E00EBBAB5 /* Types.swift */,
				0488DEEE1FB8D33600EBBAB5 /* UserAccounts.swift */,
			);
			path = Model;
			sourceTree = "<group>";
		};
		0488DEE91FB8CFC700EBBAB5 /* Services */ = {
			isa = PBXGroup;
			children = (
				0488DEF61FB8D5A400EBBAB5 /* Networking.swift */,
				0488DEF81FB8D76400EBBAB5 /* Extensions.swift */,
				0488DEF41FB8D59400EBBAB5 /* GlobalCache.swift */,
				0488DEF01FB8D46300EBBAB5 /* Constants.swift */,
				0488DEF21FB8D58200EBBAB5 /* Alerts.swift */,
			);
			path = Services;
			sourceTree = "<group>";
		};
		70E82B378F020CE6A59B862B /* Pods */ = {
			isa = PBXGroup;
			children = (
				693C9DAEC61F43BCB9DC83B9 /* Pods-Pokedex.debug.xcconfig */,
				E580BD28E5E445986334F81A /* Pods-Pokedex.release.xcconfig */,
			);
			name = Pods;
			sourceTree = "<group>";
		};
		8C3A3AFC0BC1B46A891EE426 /* Frameworks */ = {
			isa = PBXGroup;
			children = (
				4E1D7A024B8A698957664430 /* Pods_Pokedex.framework */,
			);
			name = Frameworks;
			sourceTree = "<group>";
		};
/* End PBXGroup section */

/* Begin PBXNativeTarget section */
		0488DED01FB8CBC500EBBAB5 /* Pokedex */ = {
			isa = PBXNativeTarget;
			buildConfigurationList = 0488DEE31FB8CBC500EBBAB5 /* Build configuration list for PBXNativeTarget "Pokedex" */;
			buildPhases = (
				5C11A3FF0E67C7DA22A5B5CC /* [CP] Check Pods Manifest.lock */,
				0488DECD1FB8CBC500EBBAB5 /* Sources */,
				0488DECE1FB8CBC500EBBAB5 /* Frameworks */,
				0488DECF1FB8CBC500EBBAB5 /* Resources */,
				F9FAF07E0318DB36EE4C0221 /* [CP] Embed Pods Frameworks */,
				FBB2620320044D43A9D07637 /* [CP] Copy Pods Resources */,
			);
			buildRules = (
			);
			dependencies = (
			);
			name = Pokedex;
			productName = Pokedex;
			productReference = 0488DED11FB8CBC500EBBAB5 /* Pokedex.app */;
			productType = "com.apple.product-type.application";
		};
/* End PBXNativeTarget section */

/* Begin PBXProject section */
		0488DEC91FB8CBC500EBBAB5 /* Project object */ = {
			isa = PBXProject;
			attributes = {
				LastSwiftUpdateCheck = 0900;
				LastUpgradeCheck = 0900;
				ORGANIZATIONNAME = "Mobile Apps Company";
				TargetAttributes = {
					0488DED01FB8CBC500EBBAB5 = {
						CreatedOnToolsVersion = 9.0.1;
						ProvisioningStyle = Automatic;
					};
				};
			};
			buildConfigurationList = 0488DECC1FB8CBC500EBBAB5 /* Build configuration list for PBXProject "Pokedex" */;
			compatibilityVersion = "Xcode 8.0";
			developmentRegion = en;
			hasScannedForEncodings = 0;
			knownRegions = (
				en,
				Base,
			);
			mainGroup = 0488DEC81FB8CBC400EBBAB5;
			productRefGroup = 0488DED21FB8CBC500EBBAB5 /* Products */;
			projectDirPath = "";
			projectRoot = "";
			targets = (
				0488DED01FB8CBC500EBBAB5 /* Pokedex */,
			);
		};
/* End PBXProject section */

/* Begin PBXResourcesBuildPhase section */
		0488DECF1FB8CBC500EBBAB5 /* Resources */ = {
			isa = PBXResourcesBuildPhase;
			buildActionMask = 2147483647;
			files = (
				0488DEDF1FB8CBC500EBBAB5 /* LaunchScreen.storyboard in Resources */,
				0488DEEB1FB8D19700EBBAB5 /* GoogleService-Info.plist in Resources */,
				0488DEDC1FB8CBC500EBBAB5 /* Assets.xcassets in Resources */,
				046F08601FB8FA4300FD64E9 /* PokeCell.xib in Resources */,
				0488DEDA1FB8CBC500EBBAB5 /* Main.storyboard in Resources */,
			);
			runOnlyForDeploymentPostprocessing = 0;
		};
/* End PBXResourcesBuildPhase section */

/* Begin PBXShellScriptBuildPhase section */
		5C11A3FF0E67C7DA22A5B5CC /* [CP] Check Pods Manifest.lock */ = {
			isa = PBXShellScriptBuildPhase;
			buildActionMask = 2147483647;
			files = (
			);
			inputPaths = (
				"${PODS_PODFILE_DIR_PATH}/Podfile.lock",
				"${PODS_ROOT}/Manifest.lock",
			);
			name = "[CP] Check Pods Manifest.lock";
			outputPaths = (
				"$(DERIVED_FILE_DIR)/Pods-Pokedex-checkManifestLockResult.txt",
			);
			runOnlyForDeploymentPostprocessing = 0;
			shellPath = /bin/sh;
			shellScript = "diff \"${PODS_PODFILE_DIR_PATH}/Podfile.lock\" \"${PODS_ROOT}/Manifest.lock\" > /dev/null\nif [ $? != 0 ] ; then\n    # print error to STDERR\n    echo \"error: The sandbox is not in sync with the Podfile.lock. Run 'pod install' or update your CocoaPods installation.\" >&2\n    exit 1\nfi\n# This output is used by Xcode 'outputs' to avoid re-running this script phase.\necho \"SUCCESS\" > \"${SCRIPT_OUTPUT_FILE_0}\"\n";
			showEnvVarsInLog = 0;
		};
		F9FAF07E0318DB36EE4C0221 /* [CP] Embed Pods Frameworks */ = {
			isa = PBXShellScriptBuildPhase;
			buildActionMask = 2147483647;
			files = (
			);
			inputPaths = (
				"${SRCROOT}/Pods/Target Support Files/Pods-Pokedex/Pods-Pokedex-frameworks.sh",
				"${BUILT_PRODUCTS_DIR}/GTMSessionFetcher/GTMSessionFetcher.framework",
				"${BUILT_PRODUCTS_DIR}/GoogleToolboxForMac/GoogleToolboxForMac.framework",
				"${BUILT_PRODUCTS_DIR}/SwiftKeychainWrapper/SwiftKeychainWrapper.framework",
				"${BUILT_PRODUCTS_DIR}/nanopb/nanopb.framework",
			);
			name = "[CP] Embed Pods Frameworks";
			outputPaths = (
				"${TARGET_BUILD_DIR}/${FRAMEWORKS_FOLDER_PATH}/GTMSessionFetcher.framework",
				"${TARGET_BUILD_DIR}/${FRAMEWORKS_FOLDER_PATH}/GoogleToolboxForMac.framework",
				"${TARGET_BUILD_DIR}/${FRAMEWORKS_FOLDER_PATH}/SwiftKeychainWrapper.framework",
				"${TARGET_BUILD_DIR}/${FRAMEWORKS_FOLDER_PATH}/nanopb.framework",
			);
			runOnlyForDeploymentPostprocessing = 0;
			shellPath = /bin/sh;
			shellScript = "\"${SRCROOT}/Pods/Target Support Files/Pods-Pokedex/Pods-Pokedex-frameworks.sh\"\n";
			showEnvVarsInLog = 0;
		};
		FBB2620320044D43A9D07637 /* [CP] Copy Pods Resources */ = {
			isa = PBXShellScriptBuildPhase;
			buildActionMask = 2147483647;
			files = (
			);
			inputPaths = (
			);
			name = "[CP] Copy Pods Resources";
			outputPaths = (
			);
			runOnlyForDeploymentPostprocessing = 0;
			shellPath = /bin/sh;
			shellScript = "\"${SRCROOT}/Pods/Target Support Files/Pods-Pokedex/Pods-Pokedex-resources.sh\"\n";
			showEnvVarsInLog = 0;
		};
/* End PBXShellScriptBuildPhase section */

/* Begin PBXSourcesBuildPhase section */
		0488DECD1FB8CBC500EBBAB5 /* Sources */ = {
			isa = PBXSourcesBuildPhase;
			buildActionMask = 2147483647;
			files = (
				0488DEED1FB8D32400EBBAB5 /* LoginViewController.swift in Sources */,
				0488DEF31FB8D58200EBBAB5 /* Alerts.swift in Sources */,
				0488DEF71FB8D5A400EBBAB5 /* Networking.swift in Sources */,
				0488DF011FB8F20E00EBBAB5 /* Types.swift in Sources */,
				046F085F1FB8FA4300FD64E9 /* PokeCell.swift in Sources */,
				046F08641FB8FD9A00FD64E9 /* PokeViewController.swift in Sources */,
				0488DEF91FB8D76400EBBAB5 /* Extensions.swift in Sources */,
				0488DEFB1FB8EFB300EBBAB5 /* APIResource.swift in Sources */,
				0488DEFD1FB8F0D600EBBAB5 /* Pokemon.swift in Sources */,
				0488DEEF1FB8D33600EBBAB5 /* UserAccounts.swift in Sources */,
				0488DEF51FB8D59400EBBAB5 /* GlobalCache.swift in Sources */,
				0488DEFF1FB8F17D00EBBAB5 /* Abilities.swift in Sources */,
				042C68A31FB9D3960031C93F /* DetailViewController.swift in Sources */,
				0488DED51FB8CBC500EBBAB5 /* AppDelegate.swift in Sources */,
				0488DEF11FB8D46300EBBAB5 /* Constants.swift in Sources */,
			);
			runOnlyForDeploymentPostprocessing = 0;
		};
/* End PBXSourcesBuildPhase section */

/* Begin PBXVariantGroup section */
		0488DED81FB8CBC500EBBAB5 /* Main.storyboard */ = {
			isa = PBXVariantGroup;
			children = (
				0488DED91FB8CBC500EBBAB5 /* Base */,
			);
			name = Main.storyboard;
			sourceTree = "<group>";
		};
		0488DEDD1FB8CBC500EBBAB5 /* LaunchScreen.storyboard */ = {
			isa = PBXVariantGroup;
			children = (
				0488DEDE1FB8CBC500EBBAB5 /* Base */,
			);
			name = LaunchScreen.storyboard;
			sourceTree = "<group>";
		};
/* End PBXVariantGroup section */

/* Begin XCBuildConfiguration section */
		0488DEE11FB8CBC500EBBAB5 /* Debug */ = {
			isa = XCBuildConfiguration;
			buildSettings = {
				ALWAYS_SEARCH_USER_PATHS = NO;
				CLANG_ANALYZER_NONNULL = YES;
				CLANG_ANALYZER_NUMBER_OBJECT_CONVERSION = YES_AGGRESSIVE;
				CLANG_CXX_LANGUAGE_STANDARD = "gnu++14";
				CLANG_CXX_LIBRARY = "libc++";
				CLANG_ENABLE_MODULES = YES;
				CLANG_ENABLE_OBJC_ARC = YES;
				CLANG_WARN_BLOCK_CAPTURE_AUTORELEASING = YES;
				CLANG_WARN_BOOL_CONVERSION = YES;
				CLANG_WARN_COMMA = YES;
				CLANG_WARN_CONSTANT_CONVERSION = YES;
				CLANG_WARN_DIRECT_OBJC_ISA_USAGE = YES_ERROR;
				CLANG_WARN_DOCUMENTATION_COMMENTS = YES;
				CLANG_WARN_EMPTY_BODY = YES;
				CLANG_WARN_ENUM_CONVERSION = YES;
				CLANG_WARN_INFINITE_RECURSION = YES;
				CLANG_WARN_INT_CONVERSION = YES;
				CLANG_WARN_NON_LITERAL_NULL_CONVERSION = YES;
				CLANG_WARN_OBJC_LITERAL_CONVERSION = YES;
				CLANG_WARN_OBJC_ROOT_CLASS = YES_ERROR;
				CLANG_WARN_RANGE_LOOP_ANALYSIS = YES;
				CLANG_WARN_STRICT_PROTOTYPES = YES;
				CLANG_WARN_SUSPICIOUS_MOVE = YES;
				CLANG_WARN_UNGUARDED_AVAILABILITY = YES_AGGRESSIVE;
				CLANG_WARN_UNREACHABLE_CODE = YES;
				CLANG_WARN__DUPLICATE_METHOD_MATCH = YES;
				CODE_SIGN_IDENTITY = "iPhone Developer";
				COPY_PHASE_STRIP = NO;
				DEBUG_INFORMATION_FORMAT = dwarf;
				ENABLE_STRICT_OBJC_MSGSEND = YES;
				ENABLE_TESTABILITY = YES;
				GCC_C_LANGUAGE_STANDARD = gnu11;
				GCC_DYNAMIC_NO_PIC = NO;
				GCC_NO_COMMON_BLOCKS = YES;
				GCC_OPTIMIZATION_LEVEL = 0;
				GCC_PREPROCESSOR_DEFINITIONS = (
					"DEBUG=1",
					"$(inherited)",
				);
				GCC_WARN_64_TO_32_BIT_CONVERSION = YES;
				GCC_WARN_ABOUT_RETURN_TYPE = YES_ERROR;
				GCC_WARN_UNDECLARED_SELECTOR = YES;
				GCC_WARN_UNINITIALIZED_AUTOS = YES_AGGRESSIVE;
				GCC_WARN_UNUSED_FUNCTION = YES;
				GCC_WARN_UNUSED_VARIABLE = YES;
				IPHONEOS_DEPLOYMENT_TARGET = 11.0;
				MTL_ENABLE_DEBUG_INFO = YES;
				ONLY_ACTIVE_ARCH = YES;
				SDKROOT = iphoneos;
				SWIFT_ACTIVE_COMPILATION_CONDITIONS = DEBUG;
				SWIFT_OPTIMIZATION_LEVEL = "-Onone";
			};
			name = Debug;
		};
		0488DEE21FB8CBC500EBBAB5 /* Release */ = {
			isa = XCBuildConfiguration;
			buildSettings = {
				ALWAYS_SEARCH_USER_PATHS = NO;
				CLANG_ANALYZER_NONNULL = YES;
				CLANG_ANALYZER_NUMBER_OBJECT_CONVERSION = YES_AGGRESSIVE;
				CLANG_CXX_LANGUAGE_STANDARD = "gnu++14";
				CLANG_CXX_LIBRARY = "libc++";
				CLANG_ENABLE_MODULES = YES;
				CLANG_ENABLE_OBJC_ARC = YES;
				CLANG_WARN_BLOCK_CAPTURE_AUTORELEASING = YES;
				CLANG_WARN_BOOL_CONVERSION = YES;
				CLANG_WARN_COMMA = YES;
				CLANG_WARN_CONSTANT_CONVERSION = YES;
				CLANG_WARN_DIRECT_OBJC_ISA_USAGE = YES_ERROR;
				CLANG_WARN_DOCUMENTATION_COMMENTS = YES;
				CLANG_WARN_EMPTY_BODY = YES;
				CLANG_WARN_ENUM_CONVERSION = YES;
				CLANG_WARN_INFINITE_RECURSION = YES;
				CLANG_WARN_INT_CONVERSION = YES;
				CLANG_WARN_NON_LITERAL_NULL_CONVERSION = YES;
				CLANG_WARN_OBJC_LITERAL_CONVERSION = YES;
				CLANG_WARN_OBJC_ROOT_CLASS = YES_ERROR;
				CLANG_WARN_RANGE_LOOP_ANALYSIS = YES;
				CLANG_WARN_STRICT_PROTOTYPES = YES;
				CLANG_WARN_SUSPICIOUS_MOVE = YES;
				CLANG_WARN_UNGUARDED_AVAILABILITY = YES_AGGRESSIVE;
				CLANG_WARN_UNREACHABLE_CODE = YES;
				CLANG_WARN__DUPLICATE_METHOD_MATCH = YES;
				CODE_SIGN_IDENTITY = "iPhone Developer";
				COPY_PHASE_STRIP = NO;
				DEBUG_INFORMATION_FORMAT = "dwarf-with-dsym";
				ENABLE_NS_ASSERTIONS = NO;
				ENABLE_STRICT_OBJC_MSGSEND = YES;
				GCC_C_LANGUAGE_STANDARD = gnu11;
				GCC_NO_COMMON_BLOCKS = YES;
				GCC_WARN_64_TO_32_BIT_CONVERSION = YES;
				GCC_WARN_ABOUT_RETURN_TYPE = YES_ERROR;
				GCC_WARN_UNDECLARED_SELECTOR = YES;
				GCC_WARN_UNINITIALIZED_AUTOS = YES_AGGRESSIVE;
				GCC_WARN_UNUSED_FUNCTION = YES;
				GCC_WARN_UNUSED_VARIABLE = YES;
				IPHONEOS_DEPLOYMENT_TARGET = 11.0;
				MTL_ENABLE_DEBUG_INFO = NO;
				SDKROOT = iphoneos;
				SWIFT_OPTIMIZATION_LEVEL = "-Owholemodule";
				VALIDATE_PRODUCT = YES;
			};
			name = Release;
		};
		0488DEE41FB8CBC500EBBAB5 /* Debug */ = {
			isa = XCBuildConfiguration;
			baseConfigurationReference = 693C9DAEC61F43BCB9DC83B9 /* Pods-Pokedex.debug.xcconfig */;
			buildSettings = {
				ASSETCATALOG_COMPILER_APPICON_NAME = AppIcon;
				CODE_SIGN_STYLE = Automatic;
				INFOPLIST_FILE = Pokedex/Info.plist;
				LD_RUNPATH_SEARCH_PATHS = "$(inherited) @executable_path/Frameworks";
				PRODUCT_BUNDLE_IDENTIFIER = COM.MAC.Pokedex;
				PRODUCT_NAME = "$(TARGET_NAME)";
				SWIFT_VERSION = 4.0;
				TARGETED_DEVICE_FAMILY = "1,2";
			};
			name = Debug;
		};
		0488DEE51FB8CBC500EBBAB5 /* Release */ = {
			isa = XCBuildConfiguration;
			baseConfigurationReference = E580BD28E5E445986334F81A /* Pods-Pokedex.release.xcconfig */;
			buildSettings = {
				ASSETCATALOG_COMPILER_APPICON_NAME = AppIcon;
				CODE_SIGN_STYLE = Automatic;
				INFOPLIST_FILE = Pokedex/Info.plist;
				LD_RUNPATH_SEARCH_PATHS = "$(inherited) @executable_path/Frameworks";
				PRODUCT_BUNDLE_IDENTIFIER = COM.MAC.Pokedex;
				PRODUCT_NAME = "$(TARGET_NAME)";
				SWIFT_VERSION = 4.0;
				TARGETED_DEVICE_FAMILY = "1,2";
			};
			name = Release;
		};
/* End XCBuildConfiguration section */

/* Begin XCConfigurationList section */
		0488DECC1FB8CBC500EBBAB5 /* Build configuration list for PBXProject "Pokedex" */ = {
			isa = XCConfigurationList;
			buildConfigurations = (
				0488DEE11FB8CBC500EBBAB5 /* Debug */,
				0488DEE21FB8CBC500EBBAB5 /* Release */,
			);
			defaultConfigurationIsVisible = 0;
			defaultConfigurationName = Release;
		};
		0488DEE31FB8CBC500EBBAB5 /* Build configuration list for PBXNativeTarget "Pokedex" */ = {
			isa = XCConfigurationList;
			buildConfigurations = (
				0488DEE41FB8CBC500EBBAB5 /* Debug */,
				0488DEE51FB8CBC500EBBAB5 /* Release */,
			);
			defaultConfigurationIsVisible = 0;
			defaultConfigurationName = Release;
		};
/* End XCConfigurationList section */
	};
	rootObject = 0488DEC91FB8CBC500EBBAB5 /* Project object */;
}
